
Microsoft Visual Studio Solution File, Format Version 12.00
# Visual Studio Version 17
VisualStudioVersion = 17.12.35728.132 d17.12
MinimumVisualStudioVersion = 10.0.40219.1
Project("{FAE04EC0-301F-11D3-BF4B-00C04F79EFBC}") = "StoreManager", "StoreManager\StoreManager.csproj", "{6DFE693B-C96F-4128-BE7E-6F9A57ECC4C4}"
EndProject
Project("{FAE04EC0-301F-11D3-BF4B-00C04F79EFBC}") = "Test", "Test\Test.csproj", "{3488A089-90C5-4FD5-A348-D44D8D681F82}"
EndProject
Global
	GlobalSection(SolutionConfigurationPlatforms) = preSolution
		Debug|Any CPU = Debug|Any CPU
		Release|Any CPU = Release|Any CPU
	EndGlobalSection
	GlobalSection(ProjectConfigurationPlatforms) = postSolution
		{6DFE693B-C96F-4128-BE7E-6F9A57ECC4C4}.Debug|Any CPU.ActiveCfg = Debug|Any CPU
		{6DFE693B-C96F-4128-BE7E-6F9A57ECC4C4}.Debug|Any CPU.Build.0 = Debug|Any CPU
		{6DFE693B-C96F-4128-BE7E-6F9A57ECC4C4}.Release|Any CPU.ActiveCfg = Release|Any CPU
		{6DFE693B-C96F-4128-BE7E-6F9A57ECC4C4}.Release|Any CPU.Build.0 = Release|Any CPU
		{3488A089-90C5-4FD5-A348-D44D8D681F82}.Debug|Any CPU.ActiveCfg = Debug|Any CPU
		{3488A089-90C5-4FD5-A348-D44D8D681F82}.Debug|Any CPU.Build.0 = Debug|Any CPU
		{3488A089-90C5-4FD5-A348-D44D8D681F82}.Release|Any CPU.ActiveCfg = Release|Any CPU
		{3488A089-90C5-4FD5-A348-D44D8D681F82}.Release|Any CPU.Build.0 = Release|Any CPU
	EndGlobalSection
	GlobalSection(SolutionProperties) = preSolution
		HideSolutionNode = FALSE
	EndGlobalSection
EndGlobal
